<?xml version="1.0" encoding="utf-8"?>
<Project ToolsVersion="4.0" xmlns="http://schemas.microsoft.com/developer/msbuild/2003">
  <ItemGroup>
    <ClCompile Include="Main.cpp" />
  </ItemGroup>
  <ItemGroup>
    <FxCompile Include="test.fx" />
    <FxCompile Include="..\Res\fx\pbr_env_lighting.fx" />
  </ItemGroup>
  <ItemGroup>
    <None Include="..\Res\fx\ibl.fx" />
    <None Include="..\Res\fx\base_define.fx" />
    <None Include="..\Res\fx\brdf.fx" />
  </ItemGroup>
</Project>