<?xml version="1.0" encoding="utf-8"?>
<Project ToolsVersion="4.0" xmlns="http://schemas.microsoft.com/developer/msbuild/2003">
  <ItemGroup>
    <Filter Include="design_frame">
      <UniqueIdentifier>{16fddf66-0adf-42b6-8f30-593810d89065}</UniqueIdentifier>
    </Filter>
    <Filter Include="render">
      <UniqueIdentifier>{07856a7f-7f7c-4061-be04-642415865d93}</UniqueIdentifier>
    </Filter>
    <Filter Include="scene">
      <UniqueIdentifier>{57600869-68f8-4fa0-b046-16fbaaf82311}</UniqueIdentifier>
    </Filter>
    <Filter Include="resource">
      <UniqueIdentifier>{1bb794cf-4652-4d3e-8d68-10aa0909a917}</UniqueIdentifier>
    </Filter>
    <Filter Include="util">
      <UniqueIdentifier>{0f4d38e4-ea25-4ecd-a5b1-4324243542c5}</UniqueIdentifier>
    </Filter>
    <Filter Include="base">
      <UniqueIdentifier>{861c7df3-6aa6-427e-96a1-143f5f5065b2}</UniqueIdentifier>
    </Filter>
    <Filter Include="gui">
      <UniqueIdentifier>{dfaded0d-7d58-4143-b1bd-fb7e849b72d2}</UniqueIdentifier>
    </Filter>
    <Filter Include="dx11">
      <UniqueIdentifier>{c9e12d6a-473e-4b27-92a4-ca09b15358d0}</UniqueIdentifier>
    </Filter>
  </ItemGroup>
  <ItemGroup>
    <ClInclude Include="render\Environment.h">
      <Filter>render</Filter>
    </ClInclude>
    <ClInclude Include="scene\Camara.h">
      <Filter>scene</Filter>
    </ClInclude>
    <ClInclude Include="scene\SceneManager.h">
      <Filter>scene</Filter>
    </ClInclude>
    <ClInclude Include="Application.h" />
    <ClInclude Include="D3D11GraphicContext.h" />
    <ClInclude Include="util\Logger.h">
      <Filter>util</Filter>
    </ClInclude>
    <ClInclude Include="util\Timer.h">
      <Filter>util</Filter>
    </ClInclude>
    <ClInclude Include="util\UlHelper.h">
      <Filter>util</Filter>
    </ClInclude>
    <ClInclude Include="base\BaseDefine.h">
      <Filter>base</Filter>
    </ClInclude>
    <ClInclude Include="Frame.h" />
    <ClInclude Include="render\VertexFormat.h">
      <Filter>render</Filter>
    </ClInclude>
    <ClInclude Include="render\Material.h">
      <Filter>render</Filter>
    </ClInclude>
    <ClInclude Include="resource\ResourceMgr.h">
      <Filter>resource</Filter>
    </ClInclude>
    <ClInclude Include="resource\CommonModelLoader.h">
      <Filter>resource</Filter>
    </ClInclude>
    <ClInclude Include="resource\TyModelLoader.h">
      <Filter>resource</Filter>
    </ClInclude>
    <ClInclude Include="render\MeshRender.h">
      <Filter>render</Filter>
    </ClInclude>
    <ClInclude Include="design_frame\Singleton.h">
      <Filter>design_frame</Filter>
    </ClInclude>
    <ClInclude Include="render\PostProcess.h">
      <Filter>render</Filter>
    </ClInclude>
    <ClInclude Include="gui\imconfig.h">
      <Filter>gui</Filter>
    </ClInclude>
    <ClInclude Include="gui\imgui.h">
      <Filter>gui</Filter>
    </ClInclude>
    <ClInclude Include="gui\imgui_impl_dx11.h">
      <Filter>gui</Filter>
    </ClInclude>
    <ClInclude Include="gui\imgui_internal.h">
      <Filter>gui</Filter>
    </ClInclude>
    <ClInclude Include="gui\stb_rect_pack.h">
      <Filter>gui</Filter>
    </ClInclude>
    <ClInclude Include="gui\stb_textedit.h">
      <Filter>gui</Filter>
    </ClInclude>
    <ClInclude Include="gui\stb_truetype.h">
      <Filter>gui</Filter>
    </ClInclude>
    <ClInclude Include="gui\AntTweakBar.h">
      <Filter>gui</Filter>
    </ClInclude>
    <ClInclude Include="dx11\VertexInputBuffer.h">
      <Filter>dx11</Filter>
    </ClInclude>
  </ItemGroup>
  <ItemGroup>
    <ClCompile Include="render\Environment.cpp">
      <Filter>render</Filter>
    </ClCompile>
    <ClCompile Include="scene\Camara.cpp">
      <Filter>scene</Filter>
    </ClCompile>
    <ClCompile Include="Application.cpp" />
    <ClCompile Include="D3D11GraphicContext.cpp" />
    <ClCompile Include="util\Logger.cpp">
      <Filter>util</Filter>
    </ClCompile>
    <ClCompile Include="resource\CommonModelLoader.cpp">
      <Filter>resource</Filter>
    </ClCompile>
    <ClCompile Include="resource\TyModelLoader.cpp">
      <Filter>resource</Filter>
    </ClCompile>
    <ClCompile Include="render\MeshRender.cpp">
      <Filter>render</Filter>
    </ClCompile>
    <ClCompile Include="render\PostProcess.cpp">
      <Filter>render</Filter>
    </ClCompile>
    <ClCompile Include="gui\imgui.cpp">
      <Filter>gui</Filter>
    </ClCompile>
    <ClCompile Include="gui\imgui_demo.cpp">
      <Filter>gui</Filter>
    </ClCompile>
    <ClCompile Include="gui\imgui_draw.cpp">
      <Filter>gui</Filter>
    </ClCompile>
    <ClCompile Include="gui\imgui_impl_dx11.cpp">
      <Filter>gui</Filter>
    </ClCompile>
    <ClCompile Include="scene\SceneManager.cpp">
      <Filter>scene</Filter>
    </ClCompile>
    <ClCompile Include="dx11\VertexInputBuffer.cpp">
      <Filter>dx11</Filter>
    </ClCompile>
  </ItemGroup>
</Project>